
Microsoft Visual Studio Solution File, Format Version 12.00
# Visual Studio Version 17
VisualStudioVersion = 17.4.33205.214
MinimumVisualStudioVersion = 10.0.40219.1
Project("{FAE04EC0-301F-11D3-BF4B-00C04F79EFBC}") = "Task Swap", "Task Swap\Task Swap.csproj", "{410DDA7B-2FF0-4C8E-BDE5-992500FFA8DA}"
EndProject
Global
	GlobalSection(SolutionConfigurationPlatforms) = preSolution
		Debug|Any CPU = Debug|Any CPU
		Release|Any CPU = Release|Any CPU
	EndGlobalSection
	GlobalSection(ProjectConfigurationPlatforms) = postSolution
		{410DDA7B-2FF0-4C8E-BDE5-992500FFA8DA}.Debug|Any CPU.ActiveCfg = Debug|Any CPU
		{410DDA7B-2FF0-4C8E-BDE5-992500FFA8DA}.Debug|Any CPU.Build.0 = Debug|Any CPU
		{410DDA7B-2FF0-4C8E-BDE5-992500FFA8DA}.Release|Any CPU.ActiveCfg = Release|Any CPU
		{410DDA7B-2FF0-4C8E-BDE5-992500FFA8DA}.Release|Any CPU.Build.0 = Release|Any CPU
	EndGlobalSection
	GlobalSection(SolutionProperties) = preSolution
		HideSolutionNode = FALSE
	EndGlobalSection
	GlobalSection(ExtensibilityGlobals) = postSolution
		SolutionGuid = {42471A38-731A-41E9-912A-658BC2742820}
	EndGlobalSection
EndGlobal
